
Microsoft Visual Studio Solution File, Format Version 12.00
# Visual Studio 15
VisualStudioVersion = 15.0.28306.52
MinimumVisualStudioVersion = 10.0.40219.1
Project("{FAE04EC0-301F-11D3-BF4B-00C04F79EFBC}") = "FMS Dashboard", "FMS Dashboard\FMS Dashboard.csproj", "{1614742F-D262-4237-A81E-D4F029D70CD3}"
EndProject
Global
	GlobalSection(SolutionConfigurationPlatforms) = preSolution
		Debug|Any CPU = Debug|Any CPU
		Release|Any CPU = Release|Any CPU
	EndGlobalSection
	GlobalSection(ProjectConfigurationPlatforms) = postSolution
		{1614742F-D262-4237-A81E-D4F029D70CD3}.Debug|Any CPU.ActiveCfg = Debug|Any CPU
		{1614742F-D262-4237-A81E-D4F029D70CD3}.Debug|Any CPU.Build.0 = Debug|Any CPU
		{1614742F-D262-4237-A81E-D4F029D70CD3}.Release|Any CPU.ActiveCfg = Release|Any CPU
		{1614742F-D262-4237-A81E-D4F029D70CD3}.Release|Any CPU.Build.0 = Release|Any CPU
	EndGlobalSection
	GlobalSection(SolutionProperties) = preSolution
		HideSolutionNode = FALSE
	EndGlobalSection
	GlobalSection(ExtensibilityGlobals) = postSolution
		SolutionGuid = {1764B8F9-2C70-45E1-927A-8F24A2494621}
	EndGlobalSection
EndGlobal
